# OpenAPI critical fingerprint lock.
# Update command:
#   go run docs/design/ci/scripts/check_openapi_critical_fingerprint.go -write-lock
components.schemas.Notification=5dc129d55513433392f5b9955b4e2b4f2d9e13cf0affcf8fd3e165d899db5099
components.schemas.NotificationList=49afa8b7d2f766e57460419fc3521b77f0e329df8de6dffe40bc323bcab0ca2b
components.schemas.UnreadCount=7c22e164d178ed3da05645ab1b84cffd1c25abcb43a4575b117e477cd4f82f6d
components.schemas.VMConsoleRequestResponse=0c0536d43f9c165235a27b1de7646a5a6aaf1f5c9a5f1d44e6114ef9416b42f8
components.schemas.VMConsoleStatusResponse=1101d34bb3269da7c8a68cb121966107a0d56c584fd1ca0034809681bbea009a
components.schemas.VMVNCSessionResponse=12d256c45f113a793dbd71d7dbcdc53c34999ec5d15286a8bfece8341f56befc
components.securitySchemes.BearerAuth=2dd7aa5b24f5ebd460b6ca78a68efd101ac37cb8a0df886eb1f6ac783da13195
paths./notifications.get=200e67ff6e21a457e586debaeed889ee5fa53029314d5503476509d2c8433999
paths./notifications/mark-all-read.post=3b2eedb71b89fc1260fe69246b1408120a85e998355242c53c9a8aab6d2a7775
paths./notifications/unread-count.get=2df5c79d3d4c336f4689d35cb6ee999ec698cfacc789eaa9d77ddf7643d7ed57
paths./notifications/{notification_id}/read.patch=4043931fa26df8bb432696fc5616ee2ec3b29edc1daec258280d29f1cda6bdff
paths./vms/{vm_id}/console/request.post=5cbe124d491ce5b895e93f021f03a084a1f2594b91747bb136b88e8db913d8aa
paths./vms/{vm_id}/console/status.get=5bf442f5aa4c3d6581c138549d4175a001d800df306a06f9770020bb51f537c4
paths./vms/{vm_id}/vnc.get=3489474b6a259d08ca944c5092674d92375f7cc604171a17fe961d447b9005c5
root.security=638c48606e47eec56f1f80b05982e5a0120e7b08c18f0ec2635b407da113521a
