# OpenAPI critical fingerprint lock.
# Update command:
#   go run docs/design/ci/scripts/check_openapi_critical_fingerprint.go -write-lock
components.schemas.Notification=5dc129d55513433392f5b9955b4e2b4f2d9e13cf0affcf8fd3e165d899db5099
components.schemas.NotificationList=49afa8b7d2f766e57460419fc3521b77f0e329df8de6dffe40bc323bcab0ca2b
components.schemas.UnreadCount=7c22e164d178ed3da05645ab1b84cffd1c25abcb43a4575b117e477cd4f82f6d
components.schemas.VMConsoleRequestResponse=12b4acc0b89747c4c3c780a839032ef81c17f6863a1b896d1331808d2799287b
components.schemas.VMConsoleStatusResponse=fbb8e91cb5442a274add581c4b886bebfc94e5a2ad0a2d9dd307d107a0273745
components.schemas.VMVNCSessionResponse=74d2d6a32ba1e2eec2a7b81a971d09557683c2c6f71c4263946b81d9c4a4797a
components.securitySchemes.BearerAuth=2dd7aa5b24f5ebd460b6ca78a68efd101ac37cb8a0df886eb1f6ac783da13195
paths./notifications.get=200e67ff6e21a457e586debaeed889ee5fa53029314d5503476509d2c8433999
paths./notifications/mark-all-read.post=3b2eedb71b89fc1260fe69246b1408120a85e998355242c53c9a8aab6d2a7775
paths./notifications/unread-count.get=2df5c79d3d4c336f4689d35cb6ee999ec698cfacc789eaa9d77ddf7643d7ed57
paths./notifications/{notification_id}/read.patch=4043931fa26df8bb432696fc5616ee2ec3b29edc1daec258280d29f1cda6bdff
paths./vms/{vm_id}/console/request.post=e48a90c7601ac4a50227f41549dba2fe309c56b2a4735e44da913bfe4285912d
paths./vms/{vm_id}/console/status.get=5bf442f5aa4c3d6581c138549d4175a001d800df306a06f9770020bb51f537c4
paths./vms/{vm_id}/vnc.get=b2b981e4af46d7239f825f68d44c74426e44dfda286cc16813b6063e77019a34
root.security=638c48606e47eec56f1f80b05982e5a0120e7b08c18f0ec2635b407da113521a
