# OpenAPI critical fingerprint lock.
# Update command:
#   go run docs/design/ci/scripts/check_openapi_critical_fingerprint.go -write-lock
components.schemas.Notification=c3df064a1fdb6fead50f8f546b13ea15d6f04bbb80116a3d66c1e6dfd8be3a4a
components.schemas.NotificationList=49afa8b7d2f766e57460419fc3521b77f0e329df8de6dffe40bc323bcab0ca2b
components.schemas.UnreadCount=7c22e164d178ed3da05645ab1b84cffd1c25abcb43a4575b117e477cd4f82f6d
components.schemas.VMConsoleRequestResponse=0c0536d43f9c165235a27b1de7646a5a6aaf1f5c9a5f1d44e6114ef9416b42f8
components.schemas.VMConsoleStatusResponse=1101d34bb3269da7c8a68cb121966107a0d56c584fd1ca0034809681bbea009a
components.schemas.VMVNCSessionResponse=12d256c45f113a793dbd71d7dbcdc53c34999ec5d15286a8bfece8341f56befc
components.securitySchemes.BearerAuth=2dd7aa5b24f5ebd460b6ca78a68efd101ac37cb8a0df886eb1f6ac783da13195
paths./notifications.get=c59a423fa20f2cc48634a96d1142e2d11f6aa2ba4d0885da5e09311e25e0486f
paths./notifications/mark-all-read.post=3bd42a0c4c1ab8d850ce824f2af36c2154f607535b54a29a52bc8bf4a6671500
paths./notifications/unread-count.get=2b4d324b21e5449d881bb19be244d8b6855a4063d66d74d05142304107533299
paths./notifications/{notification_id}/read.patch=e2a6432cd84833938fadc225681faafdc84208b7632a6856505121f51477e4d3
paths./vms/{vm_id}/console/request.post=3aad1bddf41506977405bae62915fbac39f92aa5f170117ec31c4650b7573497
paths./vms/{vm_id}/console/status.get=37ae1f2b66b2ff7dcca9f3a6542e2e8e23d138c8de15bff4ecc672af418b00fb
paths./vms/{vm_id}/vnc.get=5b493412b94e2658102cc0c9528607e635de310d12d29ffdb6f328864ec059f3
root.security=638c48606e47eec56f1f80b05982e5a0120e7b08c18f0ec2635b407da113521a
